{
  "name": "nstep-storytelling",
  "lockfileVersion": 2,
  "requires": true,
  "packages": {
    "": {
      "dependencies": {
        "glightbox": "^3.2.0",
        "react-media-recorder": "^1.6.6",
        "react-webcam": "^7.0.1",
        "video.js": "^7.20.3",
        "videojs-record": "^4.5.0",
        "wavesurfer.js": "^6.4.0"
      }
    },
    "node_modules/@babel/runtime": {
      "version": "7.20.1",
      "resolved": "https://registry.npmjs.org/@babel/runtime/-/runtime-7.20.1.tgz",
      "integrity": "sha512-mrzLkl6U9YLF8qpqI7TB82PESyEGjm/0Ly91jG575eVxMMlb8fYfOXFZIJ8XfLrJZQbm7dlKry2bJmXBUEkdFg==",
      "dependencies": {
        "regenerator-runtime": "^0.13.10"
      },
      "engines": {
        "node": ">=6.9.0"
      }
    },
    "node_modules/@videojs/http-streaming": {
      "version": "2.14.3",
      "resolved": "https://registry.npmjs.org/@videojs/http-streaming/-/http-streaming-2.14.3.tgz",
      "integrity": "sha512-2tFwxCaNbcEZzQugWf8EERwNMyNtspfHnvxRGRABQs09W/5SqmkWFuGWfUAm4wQKlXGfdPyAJ1338ASl459xAA==",
      "dependencies": {
        "@babel/runtime": "^7.12.5",
        "@videojs/vhs-utils": "3.0.5",
        "aes-decrypter": "3.1.3",
        "global": "^4.4.0",
        "m3u8-parser": "4.7.1",
        "mpd-parser": "0.21.1",
        "mux.js": "6.0.1",
        "video.js": "^6 || ^7"
      },
      "engines": {
        "node": ">=8",
        "npm": ">=5"
      },
      "peerDependencies": {
        "video.js": "^6 || ^7"
      }
    },
    "node_modules/@videojs/vhs-utils": {
      "version": "3.0.5",
      "resolved": "https://registry.npmjs.org/@videojs/vhs-utils/-/vhs-utils-3.0.5.tgz",
      "integrity": "sha512-PKVgdo8/GReqdx512F+ombhS+Bzogiofy1LgAj4tN8PfdBx3HSS7V5WfJotKTqtOWGwVfSWsrYN/t09/DSryrw==",
      "dependencies": {
        "@babel/runtime": "^7.12.5",
        "global": "^4.4.0",
        "url-toolkit": "^2.2.1"
      },
      "engines": {
        "node": ">=8",
        "npm": ">=5"
      }
    },
    "node_modules/@videojs/xhr": {
      "version": "2.6.0",
      "resolved": "https://registry.npmjs.org/@videojs/xhr/-/xhr-2.6.0.tgz",
      "integrity": "sha512-7J361GiN1tXpm+gd0xz2QWr3xNWBE+rytvo8J3KuggFaLg+U37gZQ2BuPLcnkfGffy2e+ozY70RHC8jt7zjA6Q==",
      "dependencies": {
        "@babel/runtime": "^7.5.5",
        "global": "~4.4.0",
        "is-function": "^1.0.1"
      }
    },
    "node_modules/@xmldom/xmldom": {
      "version": "0.7.8",
      "resolved": "https://registry.npmjs.org/@xmldom/xmldom/-/xmldom-0.7.8.tgz",
      "integrity": "sha512-PrJx38EfpitFhwmILRl37jAdBlsww6AZ6rRVK4QS7T7RHLhX7mSs647sTmgr9GIxe3qjXdesmomEgbgaokrVFg==",
      "engines": {
        "node": ">=10.0.0"
      }
    },
    "node_modules/aes-decrypter": {
      "version": "3.1.3",
      "resolved": "https://registry.npmjs.org/aes-decrypter/-/aes-decrypter-3.1.3.tgz",
      "integrity": "sha512-VkG9g4BbhMBy+N5/XodDeV6F02chEk9IpgRTq/0bS80y4dzy79VH2Gtms02VXomf3HmyRe3yyJYkJ990ns+d6A==",
      "dependencies": {
        "@babel/runtime": "^7.12.5",
        "@videojs/vhs-utils": "^3.0.5",
        "global": "^4.4.0",
        "pkcs7": "^1.0.4"
      }
    },
    "node_modules/automation-events": {
      "version": "4.0.23",
      "resolved": "https://registry.npmjs.org/automation-events/-/automation-events-4.0.23.tgz",
      "integrity": "sha512-3Q/moBk0NeWZb5jm5WtjmpAV5lxCoS00W+PQmQLp5mU0ra8AqU/lfjsIJly7Ze1drBE4aNfZIMGlbU+sTtJQJw==",
      "dependencies": {
        "@babel/runtime": "^7.20.1",
        "tslib": "^2.4.1"
      },
      "engines": {
        "node": ">=12.20.1"
      }
    },
    "node_modules/broker-factory": {
      "version": "3.0.70",
      "resolved": "https://registry.npmjs.org/broker-factory/-/broker-factory-3.0.70.tgz",
      "integrity": "sha512-GjcJ4zohf9oxJDrCd/lnKbqvrXHMYAdCKBa9GFMjW5QKkU5N/Sur9wBJ3TBRzp1C9+Aat/a2lJ2D9fSxXDnL7g==",
      "dependencies": {
        "@babel/runtime": "^7.20.1",
        "fast-unique-numbers": "^6.0.23",
        "tslib": "^2.4.1",
        "worker-factory": "^6.0.71"
      }
    },
    "node_modules/compilerr": {
      "version": "9.0.23",
      "resolved": "https://registry.npmjs.org/compilerr/-/compilerr-9.0.23.tgz",
      "integrity": "sha512-WM4AOGHP5pRJZi/YXnK3ym8F5DHOa5ekMqMSoLy7AHWFgl3UzPgqNdzPU3boC03xkkuc0OwjlGOq7c1K1yOPTA==",
      "dependencies": {
        "@babel/runtime": "^7.20.1",
        "dashify": "^2.0.0",
        "indefinite-article": "0.0.2",
        "tslib": "^2.4.1"
      },
      "engines": {
        "node": ">=12.20.1"
      }
    },
    "node_modules/dashify": {
      "version": "2.0.0",
      "resolved": "https://registry.npmjs.org/dashify/-/dashify-2.0.0.tgz",
      "integrity": "sha512-hpA5C/YrPjucXypHPPc0oJ1l9Hf6wWbiOL7Ik42cxnsUOhWiCB/fylKbKqqJalW9FgkNQCw16YO8uW9Hs0Iy1A==",
      "engines": {
        "node": ">=4"
      }
    },
    "node_modules/dom-walk": {
      "version": "0.1.2",
      "resolved": "https://registry.npmjs.org/dom-walk/-/dom-walk-0.1.2.tgz",
      "integrity": "sha512-6QvTW9mrGeIegrFXdtQi9pk7O/nSK6lSdXW2eqUspN5LWD7UTji2Fqw5V2YLjBpHEoU9Xl/eUWNpDeZvoyOv2w=="
    },
    "node_modules/extendable-media-recorder": {
      "version": "6.6.10",
      "resolved": "https://registry.npmjs.org/extendable-media-recorder/-/extendable-media-recorder-6.6.10.tgz",
      "integrity": "sha512-gnSmLqDFq40ZdbGfuarnMLNqYPLCPpPr0p21V+g67wG4Pv2oCc/ga8sfsZrEM5GywEi7FcpyRm3z99JWZ/0aPw==",
      "dependencies": {
        "@babel/runtime": "^7.18.9",
        "media-encoder-host": "^8.0.76",
        "multi-buffer-data-view": "^3.0.20",
        "recorder-audio-worklet": "^5.1.26",
        "standardized-audio-context": "^25.3.29",
        "subscribable-things": "^2.1.6",
        "tslib": "^2.4.0"
      }
    },
    "node_modules/extendable-media-recorder-wav-encoder": {
      "version": "7.0.78",
      "resolved": "https://registry.npmjs.org/extendable-media-recorder-wav-encoder/-/extendable-media-recorder-wav-encoder-7.0.78.tgz",
      "integrity": "sha512-3baF7AatH9FFP1l36AwAZWBrAwDOn4G9EIL4Gg4y2vk9zm6qin5cEe4/oQobs6Wjsb3pGZRfwzjpVWGTgcj1cw==",
      "dependencies": {
        "@babel/runtime": "^7.20.1",
        "extendable-media-recorder-wav-encoder-broker": "^7.0.72",
        "extendable-media-recorder-wav-encoder-worker": "^8.0.71",
        "tslib": "^2.4.1"
      }
    },
    "node_modules/extendable-media-recorder-wav-encoder-broker": {
      "version": "7.0.72",
      "resolved": "https://registry.npmjs.org/extendable-media-recorder-wav-encoder-broker/-/extendable-media-recorder-wav-encoder-broker-7.0.72.tgz",
      "integrity": "sha512-KKIsmLVZzfAMVANbsBMZ19l1DLiEjU7ikcXG/vZ+S2MLDMT9Tg+kTe4KORpdkmhk2/2Uwh8EwDmoNnKt1Sgu7A==",
      "dependencies": {
        "@babel/runtime": "^7.20.1",
        "broker-factory": "^3.0.70",
        "extendable-media-recorder-wav-encoder-worker": "^8.0.71",
        "tslib": "^2.4.1"
      }
    },
    "node_modules/extendable-media-recorder-wav-encoder-worker": {
      "version": "8.0.71",
      "resolved": "https://registry.npmjs.org/extendable-media-recorder-wav-encoder-worker/-/extendable-media-recorder-wav-encoder-worker-8.0.71.tgz",
      "integrity": "sha512-fmmgjDh5OXN8Sa9FxxuUXBqeSZ30PJ7J+SztGU3gnF0Bja/EBQV2njYDftCmxX2A90HohXZfZJNYbkgpBontTw==",
      "dependencies": {
        "@babel/runtime": "^7.20.1",
        "tslib": "^2.4.1",
        "worker-factory": "^6.0.71"
      }
    },
    "node_modules/fast-unique-numbers": {
      "version": "6.0.23",
      "resolved": "https://registry.npmjs.org/fast-unique-numbers/-/fast-unique-numbers-6.0.23.tgz",
      "integrity": "sha512-ySj1/RjqKAhMIpSlqyibm3SyPr4MLzAH8vAkoL436nKXHGxeYhILL5LHqqPE70RZ5Z5FzJBHiuUMeyYVLqAZRw==",
      "dependencies": {
        "@babel/runtime": "^7.20.1",
        "tslib": "^2.4.1"
      },
      "engines": {
        "node": ">=12.20.1"
      }
    },
    "node_modules/glightbox": {
      "version": "3.2.0",
      "resolved": "https://registry.npmjs.org/glightbox/-/glightbox-3.2.0.tgz",
      "integrity": "sha512-iit1xYixqL4YVL+I2YJLfMeyJwvLi6FE6kY3qNKeZHEJgRIz80QU8Rm7YCyw1wOTgXvmNDnXGVhHOHRCwnDltQ=="
    },
    "node_modules/global": {
      "version": "4.4.0",
      "resolved": "https://registry.npmjs.org/global/-/global-4.4.0.tgz",
      "integrity": "sha512-wv/LAoHdRE3BeTGz53FAamhGlPLhlssK45usmGFThIi4XqnBmjKQ16u+RNbP7WvigRZDxUsM0J3gcQ5yicaL0w==",
      "dependencies": {
        "min-document": "^2.19.0",
        "process": "^0.11.10"
      }
    },
    "node_modules/indefinite-article": {
      "version": "0.0.2",
      "resolved": "https://registry.npmjs.org/indefinite-article/-/indefinite-article-0.0.2.tgz",
      "integrity": "sha512-Au/2XzRkvxq2J6w5uvSSbBKPZ5kzINx5F2wb0SF8xpRL8BP9Lav81TnRbfPp6p+SYjYxwaaLn4EUwI3/MmYKSw=="
    },
    "node_modules/individual": {
      "version": "2.0.0",
      "resolved": "https://registry.npmjs.org/individual/-/individual-2.0.0.tgz",
      "integrity": "sha512-pWt8hBCqJsUWI/HtcfWod7+N9SgAqyPEaF7JQjwzjn5vGrpg6aQ5qeAFQ7dx//UH4J1O+7xqew+gCeeFt6xN/g=="
    },
    "node_modules/is-function": {
      "version": "1.0.2",
      "resolved": "https://registry.npmjs.org/is-function/-/is-function-1.0.2.tgz",
      "integrity": "sha512-lw7DUp0aWXYg+CBCN+JKkcE0Q2RayZnSvnZBlwgxHBQhqt5pZNVy4Ri7H9GmmXkdu7LUthszM+Tor1u/2iBcpQ=="
    },
    "node_modules/js-tokens": {
      "version": "4.0.0",
      "resolved": "https://registry.npmjs.org/js-tokens/-/js-tokens-4.0.0.tgz",
      "integrity": "sha512-RdJUflcE3cUzKiMqQgsCu06FPu9UdIJO0beYbPhHN4k6apgJtifcoCtT9bcxOpYBtpD2kCM6Sbzg4CausW/PKQ==",
      "peer": true
    },
    "node_modules/keycode": {
      "version": "2.2.1",
      "resolved": "https://registry.npmjs.org/keycode/-/keycode-2.2.1.tgz",
      "integrity": "sha512-Rdgz9Hl9Iv4QKi8b0OlCRQEzp4AgVxyCtz5S/+VIHezDmrDhkp2N2TqBWOLz0/gbeREXOOiI9/4b8BY9uw2vFg=="
    },
    "node_modules/loose-envify": {
      "version": "1.4.0",
      "resolved": "https://registry.npmjs.org/loose-envify/-/loose-envify-1.4.0.tgz",
      "integrity": "sha512-lyuxPGr/Wfhrlem2CL/UcnUc1zcqKAImBDzukY7Y5F/yQiNdko6+fRLevlw1HgMySw7f611UIY408EtxRSoK3Q==",
      "peer": true,
      "dependencies": {
        "js-tokens": "^3.0.0 || ^4.0.0"
      },
      "bin": {
        "loose-envify": "cli.js"
      }
    },
    "node_modules/m3u8-parser": {
      "version": "4.7.1",
      "resolved": "https://registry.npmjs.org/m3u8-parser/-/m3u8-parser-4.7.1.tgz",
      "integrity": "sha512-pbrQwiMiq+MmI9bl7UjtPT3AK603PV9bogNlr83uC+X9IoxqL5E4k7kU7fMQ0dpRgxgeSMygqUa0IMLQNXLBNA==",
      "dependencies": {
        "@babel/runtime": "^7.12.5",
        "@videojs/vhs-utils": "^3.0.5",
        "global": "^4.4.0"
      }
    },
    "node_modules/media-encoder-host": {
      "version": "8.0.80",
      "resolved": "https://registry.npmjs.org/media-encoder-host/-/media-encoder-host-8.0.80.tgz",
      "integrity": "sha512-5LL3QVWkshGkF0rc/CENLPnIkw2gnAsYYejLlETyhD3GacqgE6MC3P3e/wBmcI+jLBRzYjiRV1b8IcPlrSrlCQ==",
      "dependencies": {
        "@babel/runtime": "^7.20.1",
        "media-encoder-host-broker": "^7.0.72",
        "media-encoder-host-worker": "^9.0.72",
        "tslib": "^2.4.1"
      }
    },
    "node_modules/media-encoder-host-broker": {
      "version": "7.0.72",
      "resolved": "https://registry.npmjs.org/media-encoder-host-broker/-/media-encoder-host-broker-7.0.72.tgz",
      "integrity": "sha512-MgH9hROWFVOP19EzmggoeRgk9fXfaB1WhVBcbEpZrpWk0DfqX7IEcav6HjkSHalG049tERlSKTFHgyMAT8unSg==",
      "dependencies": {
        "@babel/runtime": "^7.20.1",
        "broker-factory": "^3.0.70",
        "fast-unique-numbers": "^6.0.23",
        "media-encoder-host-worker": "^9.0.72",
        "tslib": "^2.4.1"
      }
    },
    "node_modules/media-encoder-host-worker": {
      "version": "9.0.72",
      "resolved": "https://registry.npmjs.org/media-encoder-host-worker/-/media-encoder-host-worker-9.0.72.tgz",
      "integrity": "sha512-b1JYXre3f1uKUqSpPidbODQ9RUw0HLb2VivY9vmKMMlDvKcNA3VAI0BWfIC/RdzLRtVUVZLtO6Cr4GA423LnEg==",
      "dependencies": {
        "@babel/runtime": "^7.20.1",
        "extendable-media-recorder-wav-encoder-broker": "^7.0.72",
        "tslib": "^2.4.1",
        "worker-factory": "^6.0.71"
      }
    },
    "node_modules/min-document": {
      "version": "2.19.0",
      "resolved": "https://registry.npmjs.org/min-document/-/min-document-2.19.0.tgz",
      "integrity": "sha512-9Wy1B3m3f66bPPmU5hdA4DR4PB2OfDU/+GS3yAB7IQozE3tqXaVv2zOjgla7MEGSRv95+ILmOuvhLkOK6wJtCQ==",
      "dependencies": {
        "dom-walk": "^0.1.0"
      }
    },
    "node_modules/mpd-parser": {
      "version": "0.21.1",
      "resolved": "https://registry.npmjs.org/mpd-parser/-/mpd-parser-0.21.1.tgz",
      "integrity": "sha512-BxlSXWbKE1n7eyEPBnTEkrzhS3PdmkkKdM1pgKbPnPOH0WFZIc0sPOWi7m0Uo3Wd2a4Or8Qf4ZbS7+ASqQ49fw==",
      "dependencies": {
        "@babel/runtime": "^7.12.5",
        "@videojs/vhs-utils": "^3.0.5",
        "@xmldom/xmldom": "^0.7.2",
        "global": "^4.4.0"
      },
      "bin": {
        "mpd-to-m3u8-json": "bin/parse.js"
      }
    },
    "node_modules/multi-buffer-data-view": {
      "version": "3.0.23",
      "resolved": "https://registry.npmjs.org/multi-buffer-data-view/-/multi-buffer-data-view-3.0.23.tgz",
      "integrity": "sha512-eQyqMAUYDMt8gD7qhhiGAOCShwx7diIQxkI5gu9iNYPeQp6tp4E9kcrg5bIVS02krSsn8TooQjiHQdmjWYpCPQ==",
      "dependencies": {
        "@babel/runtime": "^7.20.1",
        "tslib": "^2.4.1"
      },
      "engines": {
        "node": ">=12.20.1"
      }
    },
    "node_modules/mux.js": {
      "version": "6.0.1",
      "resolved": "https://registry.npmjs.org/mux.js/-/mux.js-6.0.1.tgz",
      "integrity": "sha512-22CHb59rH8pWGcPGW5Og7JngJ9s+z4XuSlYvnxhLuc58cA1WqGDQPzuG8I+sPm1/p0CdgpzVTaKW408k5DNn8w==",
      "dependencies": {
        "@babel/runtime": "^7.11.2",
        "global": "^4.4.0"
      },
      "bin": {
        "muxjs-transmux": "bin/transmux.js"
      },
      "engines": {
        "node": ">=8",
        "npm": ">=5"
      }
    },
    "node_modules/pkcs7": {
      "version": "1.0.4",
      "resolved": "https://registry.npmjs.org/pkcs7/-/pkcs7-1.0.4.tgz",
      "integrity": "sha512-afRERtHn54AlwaF2/+LFszyAANTCggGilmcmILUzEjvs3XgFZT+xE6+QWQcAGmu4xajy+Xtj7acLOPdx5/eXWQ==",
      "dependencies": {
        "@babel/runtime": "^7.5.5"
      },
      "bin": {
        "pkcs7": "bin/cli.js"
      }
    },
    "node_modules/process": {
      "version": "0.11.10",
      "resolved": "https://registry.npmjs.org/process/-/process-0.11.10.tgz",
      "integrity": "sha512-cdGef/drWFoydD1JsMzuFf8100nZl+GT+yacc2bEced5f9Rjk4z+WtFUTBu9PhOi9j/jfmBPu0mMEY4wIdAF8A==",
      "engines": {
        "node": ">= 0.6.0"
      }
    },
    "node_modules/react": {
      "version": "18.2.0",
      "resolved": "https://registry.npmjs.org/react/-/react-18.2.0.tgz",
      "integrity": "sha512-/3IjMdb2L9QbBdWiW5e3P2/npwMBaU9mHCSCUzNln0ZCYbcfTsGbTJrU/kGemdH2IWmB2ioZ+zkxtmq6g09fGQ==",
      "peer": true,
      "dependencies": {
        "loose-envify": "^1.1.0"
      },
      "engines": {
        "node": ">=0.10.0"
      }
    },
    "node_modules/react-dom": {
      "version": "18.2.0",
      "resolved": "https://registry.npmjs.org/react-dom/-/react-dom-18.2.0.tgz",
      "integrity": "sha512-6IMTriUmvsjHUjNtEDudZfuDQUoWXVxKHhlEGSk81n4YFS+r/Kl99wXiwlVXtPBtJenozv2P+hxDsw9eA7Xo6g==",
      "peer": true,
      "dependencies": {
        "loose-envify": "^1.1.0",
        "scheduler": "^0.23.0"
      },
      "peerDependencies": {
        "react": "^18.2.0"
      }
    },
    "node_modules/react-media-recorder": {
      "version": "1.6.6",
      "resolved": "https://registry.npmjs.org/react-media-recorder/-/react-media-recorder-1.6.6.tgz",
      "integrity": "sha512-VdC4bUINMWJyqOAHw1DaZ8HZhdCyVBK85zJ4cHMo9tsrekui3wq5ZxNtBmNe6nbAFQBTNj/pRnLEsiVrCW+TNQ==",
      "dependencies": {
        "extendable-media-recorder": "^6.6.5",
        "extendable-media-recorder-wav-encoder": "^7.0.68"
      }
    },
    "node_modules/react-webcam": {
      "version": "7.0.1",
      "resolved": "https://registry.npmjs.org/react-webcam/-/react-webcam-7.0.1.tgz",
      "integrity": "sha512-8E/Eb/7ksKwn5QdLn67tOR7+TdP9BZdu6E5/DSt20v8yfW/s0VGBigE6VA7R4278mBuBUowovAB3DkCfVmSPvA==",
      "peerDependencies": {
        "react": ">=16.2.0",
        "react-dom": ">=16.2.0"
      }
    },
    "node_modules/recorder-audio-worklet": {
      "version": "5.1.32",
      "resolved": "https://registry.npmjs.org/recorder-audio-worklet/-/recorder-audio-worklet-5.1.32.tgz",
      "integrity": "sha512-m5SyZrI5zhCnlXpBICMz7A70k/UrDe1CvHSXPtXpGt4Oun+1T5KxVjwwfAT09Nk0wB7NNhTyZdZ+FwW44jG35w==",
      "dependencies": {
        "@babel/runtime": "^7.20.1",
        "broker-factory": "^3.0.70",
        "fast-unique-numbers": "^6.0.23",
        "recorder-audio-worklet-processor": "^4.2.17",
        "standardized-audio-context": "^25.3.34",
        "subscribable-things": "^2.1.9",
        "tslib": "^2.4.1",
        "worker-factory": "^6.0.71"
      }
    },
    "node_modules/recorder-audio-worklet-processor": {
      "version": "4.2.17",
      "resolved": "https://registry.npmjs.org/recorder-audio-worklet-processor/-/recorder-audio-worklet-processor-4.2.17.tgz",
      "integrity": "sha512-d5KesW++ZxE8bY0kFQBRdS+8t1OxhE/klLStylEtRYS2HldHVdMFSIZmE+8g8GXlhkeNXOH8nrROzCcAtQuqhw==",
      "dependencies": {
        "@babel/runtime": "^7.20.1",
        "tslib": "^2.4.1"
      }
    },
    "node_modules/recordrtc": {
      "version": "5.6.2",
      "resolved": "https://registry.npmjs.org/recordrtc/-/recordrtc-5.6.2.tgz",
      "integrity": "sha512-1QNKKNtl7+KcwD1lyOgP3ZlbiJ1d0HtXnypUy7yq49xEERxk31PHvE9RCciDrulPCY7WJ+oz0R9hpNxgsIurGQ=="
    },
    "node_modules/regenerator-runtime": {
      "version": "0.13.10",
      "resolved": "https://registry.npmjs.org/regenerator-runtime/-/regenerator-runtime-0.13.10.tgz",
      "integrity": "sha512-KepLsg4dU12hryUO7bp/axHAKvwGOCV0sGloQtpagJ12ai+ojVDqkeGSiRX1zlq+kjIMZ1t7gpze+26QqtdGqw=="
    },
    "node_modules/rust-result": {
      "version": "1.0.0",
      "resolved": "https://registry.npmjs.org/rust-result/-/rust-result-1.0.0.tgz",
      "integrity": "sha512-6cJzSBU+J/RJCF063onnQf0cDUOHs9uZI1oroSGnHOph+CQTIJ5Pp2hK5kEQq1+7yE/EEWfulSNXAQ2jikPthA==",
      "dependencies": {
        "individual": "^2.0.0"
      }
    },
    "node_modules/rxjs-interop": {
      "version": "2.0.0",
      "resolved": "https://registry.npmjs.org/rxjs-interop/-/rxjs-interop-2.0.0.tgz",
      "integrity": "sha512-ASEq9atUw7lualXB+knvgtvwkCEvGWV2gDD/8qnASzBkzEARZck9JAyxmY8OS6Nc1pCPEgDTKNcx+YqqYfzArw=="
    },
    "node_modules/safe-json-parse": {
      "version": "4.0.0",
      "resolved": "https://registry.npmjs.org/safe-json-parse/-/safe-json-parse-4.0.0.tgz",
      "integrity": "sha512-RjZPPHugjK0TOzFrLZ8inw44s9bKox99/0AZW9o/BEQVrJfhI+fIHMErnPyRa89/yRXUUr93q+tiN6zhoVV4wQ==",
      "dependencies": {
        "rust-result": "^1.0.0"
      }
    },
    "node_modules/scheduler": {
      "version": "0.23.0",
      "resolved": "https://registry.npmjs.org/scheduler/-/scheduler-0.23.0.tgz",
      "integrity": "sha512-CtuThmgHNg7zIZWAXi3AsyIzA3n4xx7aNyjwC2VJldO2LMVDhFK+63xGqq6CsJH4rTAt6/M+N4GhZiDYPx9eUw==",
      "peer": true,
      "dependencies": {
        "loose-envify": "^1.1.0"
      }
    },
    "node_modules/sdp": {
      "version": "3.0.3",
      "resolved": "https://registry.npmjs.org/sdp/-/sdp-3.0.3.tgz",
      "integrity": "sha512-8EkfckS+XZQaPLyChu4ey7PghrdcraCVNpJe2Gfdi2ON1ylQ7OasuKX+b37R9slnRChwIAiQgt+oj8xXGD8x+A=="
    },
    "node_modules/standardized-audio-context": {
      "version": "25.3.34",
      "resolved": "https://registry.npmjs.org/standardized-audio-context/-/standardized-audio-context-25.3.34.tgz",
      "integrity": "sha512-SL8FQYqpfOifYGhAVfnAgC9o86mFNhy+W3xp28lHI6HgOQMbLTMcBoSN3FT0SwE51br7I9tmgjwiLggg7WWD/Q==",
      "dependencies": {
        "@babel/runtime": "^7.20.1",
        "automation-events": "^4.0.23",
        "tslib": "^2.4.1"
      }
    },
    "node_modules/subscribable-things": {
      "version": "2.1.9",
      "resolved": "https://registry.npmjs.org/subscribable-things/-/subscribable-things-2.1.9.tgz",
      "integrity": "sha512-CPtbudltbWbnjIBQxA3qQxraJ46kf5ZXQwnA7mkUiB7P4tZDPJ33HAdPb1vos/C1r87nq9nTNrwLokeMCUd0UQ==",
      "dependencies": {
        "@babel/runtime": "^7.20.1",
        "rxjs-interop": "^2.0.0",
        "tslib": "^2.4.1"
      }
    },
    "node_modules/tslib": {
      "version": "2.4.1",
      "resolved": "https://registry.npmjs.org/tslib/-/tslib-2.4.1.tgz",
      "integrity": "sha512-tGyy4dAjRIEwI7BzsB0lynWgOpfqjUdq91XXAlIWD2OwKBH7oCl/GZG/HT4BOHrTlPMOASlMQ7veyTqpmRcrNA=="
    },
    "node_modules/url-toolkit": {
      "version": "2.2.5",
      "resolved": "https://registry.npmjs.org/url-toolkit/-/url-toolkit-2.2.5.tgz",
      "integrity": "sha512-mtN6xk+Nac+oyJ/PrI7tzfmomRVNFIWKUbG8jdYFt52hxbiReFAXIjYskvu64/dvuW71IcB7lV8l0HvZMac6Jg=="
    },
    "node_modules/video.js": {
      "version": "7.20.3",
      "resolved": "https://registry.npmjs.org/video.js/-/video.js-7.20.3.tgz",
      "integrity": "sha512-JMspxaK74LdfWcv69XWhX4rILywz/eInOVPdKefpQiZJSMD5O8xXYueqACP2Q5yqKstycgmmEKlJzZ+kVmDciw==",
      "dependencies": {
        "@babel/runtime": "^7.12.5",
        "@videojs/http-streaming": "2.14.3",
        "@videojs/vhs-utils": "^3.0.4",
        "@videojs/xhr": "2.6.0",
        "aes-decrypter": "3.1.3",
        "global": "^4.4.0",
        "keycode": "^2.2.0",
        "m3u8-parser": "4.7.1",
        "mpd-parser": "0.21.1",
        "mux.js": "6.0.1",
        "safe-json-parse": "4.0.0",
        "videojs-font": "3.2.0",
        "videojs-vtt.js": "^0.15.4"
      }
    },
    "node_modules/videojs-font": {
      "version": "3.2.0",
      "resolved": "https://registry.npmjs.org/videojs-font/-/videojs-font-3.2.0.tgz",
      "integrity": "sha512-g8vHMKK2/JGorSfqAZQUmYYNnXmfec4MLhwtEFS+mMs2IDY398GLysy6BH6K+aS1KMNu/xWZ8Sue/X/mdQPliA=="
    },
    "node_modules/videojs-record": {
      "version": "4.5.0",
      "resolved": "https://registry.npmjs.org/videojs-record/-/videojs-record-4.5.0.tgz",
      "integrity": "sha512-p/L6UaEZxCXVqzvH0TYCyUujHbymhqrEiF63KIjOatBxOhG7OVu4RiKEbkOlniBKr2sLoVOmC3vBuk+YBD3CXw==",
      "dependencies": {
        "recordrtc": ">=5.6.2",
        "video.js": ">=7.0.5",
        "videojs-wavesurfer": ">=3.7.0",
        "webrtc-adapter": ">=8.0.0"
      }
    },
    "node_modules/videojs-vtt.js": {
      "version": "0.15.4",
      "resolved": "https://registry.npmjs.org/videojs-vtt.js/-/videojs-vtt.js-0.15.4.tgz",
      "integrity": "sha512-r6IhM325fcLb1D6pgsMkTQT1PpFdUdYZa1iqk7wJEu+QlibBwATPfPc9Bg8Jiym0GE5yP1AG2rMLu+QMVWkYtA==",
      "dependencies": {
        "global": "^4.3.1"
      }
    },
    "node_modules/videojs-wavesurfer": {
      "version": "3.9.0",
      "resolved": "https://registry.npmjs.org/videojs-wavesurfer/-/videojs-wavesurfer-3.9.0.tgz",
      "integrity": "sha512-gAQUFLlAmNXW8hCQwlJRsMl98Q4LyPzd318yDmuzzWLlupBpV3b4riAguYIHLC0d3svt1pgX8Vz8cX91OaPgWQ==",
      "dependencies": {
        "video.js": ">=7.0.5",
        "wavesurfer.js": ">=6.3.0"
      }
    },
    "node_modules/wavesurfer.js": {
      "version": "6.4.0",
      "resolved": "https://registry.npmjs.org/wavesurfer.js/-/wavesurfer.js-6.4.0.tgz",
      "integrity": "sha512-+i9GkYdMTm998goOWvycWqCgxfbolnuGTPgrdGss7ZbQDuu+n6AHdnJwYnqxW8RZo5A2ck6ztzXbrXGuCi0m5g=="
    },
    "node_modules/webrtc-adapter": {
      "version": "8.2.0",
      "resolved": "https://registry.npmjs.org/webrtc-adapter/-/webrtc-adapter-8.2.0.tgz",
      "integrity": "sha512-umxCMgedPAVq4Pe/jl3xmelLXLn4XZWFEMR5Iipb5wJ+k1xMX0yC4ZY9CueZUU1MjapFxai1tFGE7R/kotH6Ww==",
      "dependencies": {
        "sdp": "^3.0.2"
      },
      "engines": {
        "node": ">=6.0.0",
        "npm": ">=3.10.0"
      }
    },
    "node_modules/worker-factory": {
      "version": "6.0.71",
      "resolved": "https://registry.npmjs.org/worker-factory/-/worker-factory-6.0.71.tgz",
      "integrity": "sha512-VHqMxlmbzoZoc8s9GV3YRUjcLvFZvvAgKjDOmc1t+vo5iC+BjHniFjavr3EI4e2TvQ8yY8+q3f9XEAfMhpo1Cg==",
      "dependencies": {
        "@babel/runtime": "^7.20.1",
        "compilerr": "^9.0.23",
        "fast-unique-numbers": "^6.0.23",
        "tslib": "^2.4.1"
      }
    }
  },
  "dependencies": {
    "@babel/runtime": {
      "version": "7.20.1",
      "resolved": "https://registry.npmjs.org/@babel/runtime/-/runtime-7.20.1.tgz",
      "integrity": "sha512-mrzLkl6U9YLF8qpqI7TB82PESyEGjm/0Ly91jG575eVxMMlb8fYfOXFZIJ8XfLrJZQbm7dlKry2bJmXBUEkdFg==",
      "requires": {
        "regenerator-runtime": "^0.13.10"
      }
    },
    "@videojs/http-streaming": {
      "version": "2.14.3",
      "resolved": "https://registry.npmjs.org/@videojs/http-streaming/-/http-streaming-2.14.3.tgz",
      "integrity": "sha512-2tFwxCaNbcEZzQugWf8EERwNMyNtspfHnvxRGRABQs09W/5SqmkWFuGWfUAm4wQKlXGfdPyAJ1338ASl459xAA==",
      "requires": {
        "@babel/runtime": "^7.12.5",
        "@videojs/vhs-utils": "3.0.5",
        "aes-decrypter": "3.1.3",
        "global": "^4.4.0",
        "m3u8-parser": "4.7.1",
        "mpd-parser": "0.21.1",
        "mux.js": "6.0.1",
        "video.js": "^6 || ^7"
      }
    },
    "@videojs/vhs-utils": {
      "version": "3.0.5",
      "resolved": "https://registry.npmjs.org/@videojs/vhs-utils/-/vhs-utils-3.0.5.tgz",
      "integrity": "sha512-PKVgdo8/GReqdx512F+ombhS+Bzogiofy1LgAj4tN8PfdBx3HSS7V5WfJotKTqtOWGwVfSWsrYN/t09/DSryrw==",
      "requires": {
        "@babel/runtime": "^7.12.5",
        "global": "^4.4.0",
        "url-toolkit": "^2.2.1"
      }
    },
    "@videojs/xhr": {
      "version": "2.6.0",
      "resolved": "https://registry.npmjs.org/@videojs/xhr/-/xhr-2.6.0.tgz",
      "integrity": "sha512-7J361GiN1tXpm+gd0xz2QWr3xNWBE+rytvo8J3KuggFaLg+U37gZQ2BuPLcnkfGffy2e+ozY70RHC8jt7zjA6Q==",
      "requires": {
        "@babel/runtime": "^7.5.5",
        "global": "~4.4.0",
        "is-function": "^1.0.1"
      }
    },
    "@xmldom/xmldom": {
      "version": "0.7.8",
      "resolved": "https://registry.npmjs.org/@xmldom/xmldom/-/xmldom-0.7.8.tgz",
      "integrity": "sha512-PrJx38EfpitFhwmILRl37jAdBlsww6AZ6rRVK4QS7T7RHLhX7mSs647sTmgr9GIxe3qjXdesmomEgbgaokrVFg=="
    },
    "aes-decrypter": {
      "version": "3.1.3",
      "resolved": "https://registry.npmjs.org/aes-decrypter/-/aes-decrypter-3.1.3.tgz",
      "integrity": "sha512-VkG9g4BbhMBy+N5/XodDeV6F02chEk9IpgRTq/0bS80y4dzy79VH2Gtms02VXomf3HmyRe3yyJYkJ990ns+d6A==",
      "requires": {
        "@babel/runtime": "^7.12.5",
        "@videojs/vhs-utils": "^3.0.5",
        "global": "^4.4.0",
        "pkcs7": "^1.0.4"
      }
    },
    "automation-events": {
      "version": "4.0.23",
      "resolved": "https://registry.npmjs.org/automation-events/-/automation-events-4.0.23.tgz",
      "integrity": "sha512-3Q/moBk0NeWZb5jm5WtjmpAV5lxCoS00W+PQmQLp5mU0ra8AqU/lfjsIJly7Ze1drBE4aNfZIMGlbU+sTtJQJw==",
      "requires": {
        "@babel/runtime": "^7.20.1",
        "tslib": "^2.4.1"
      }
    },
    "broker-factory": {
      "version": "3.0.70",
      "resolved": "https://registry.npmjs.org/broker-factory/-/broker-factory-3.0.70.tgz",
      "integrity": "sha512-GjcJ4zohf9oxJDrCd/lnKbqvrXHMYAdCKBa9GFMjW5QKkU5N/Sur9wBJ3TBRzp1C9+Aat/a2lJ2D9fSxXDnL7g==",
      "requires": {
        "@babel/runtime": "^7.20.1",
        "fast-unique-numbers": "^6.0.23",
        "tslib": "^2.4.1",
        "worker-factory": "^6.0.71"
      }
    },
    "compilerr": {
      "version": "9.0.23",
      "resolved": "https://registry.npmjs.org/compilerr/-/compilerr-9.0.23.tgz",
      "integrity": "sha512-WM4AOGHP5pRJZi/YXnK3ym8F5DHOa5ekMqMSoLy7AHWFgl3UzPgqNdzPU3boC03xkkuc0OwjlGOq7c1K1yOPTA==",
      "requires": {
        "@babel/runtime": "^7.20.1",
        "dashify": "^2.0.0",
        "indefinite-article": "0.0.2",
        "tslib": "^2.4.1"
      }
    },
    "dashify": {
      "version": "2.0.0",
      "resolved": "https://registry.npmjs.org/dashify/-/dashify-2.0.0.tgz",
      "integrity": "sha512-hpA5C/YrPjucXypHPPc0oJ1l9Hf6wWbiOL7Ik42cxnsUOhWiCB/fylKbKqqJalW9FgkNQCw16YO8uW9Hs0Iy1A=="
    },
    "dom-walk": {
      "version": "0.1.2",
      "resolved": "https://registry.npmjs.org/dom-walk/-/dom-walk-0.1.2.tgz",
      "integrity": "sha512-6QvTW9mrGeIegrFXdtQi9pk7O/nSK6lSdXW2eqUspN5LWD7UTji2Fqw5V2YLjBpHEoU9Xl/eUWNpDeZvoyOv2w=="
    },
    "extendable-media-recorder": {
      "version": "6.6.10",
      "resolved": "https://registry.npmjs.org/extendable-media-recorder/-/extendable-media-recorder-6.6.10.tgz",
      "integrity": "sha512-gnSmLqDFq40ZdbGfuarnMLNqYPLCPpPr0p21V+g67wG4Pv2oCc/ga8sfsZrEM5GywEi7FcpyRm3z99JWZ/0aPw==",
      "requires": {
        "@babel/runtime": "^7.18.9",
        "media-encoder-host": "^8.0.76",
        "multi-buffer-data-view": "^3.0.20",
        "recorder-audio-worklet": "^5.1.26",
        "standardized-audio-context": "^25.3.29",
        "subscribable-things": "^2.1.6",
        "tslib": "^2.4.0"
      }
    },
    "extendable-media-recorder-wav-encoder": {
      "version": "7.0.78",
      "resolved": "https://registry.npmjs.org/extendable-media-recorder-wav-encoder/-/extendable-media-recorder-wav-encoder-7.0.78.tgz",
      "integrity": "sha512-3baF7AatH9FFP1l36AwAZWBrAwDOn4G9EIL4Gg4y2vk9zm6qin5cEe4/oQobs6Wjsb3pGZRfwzjpVWGTgcj1cw==",
      "requires": {
        "@babel/runtime": "^7.20.1",
        "extendable-media-recorder-wav-encoder-broker": "^7.0.72",
        "extendable-media-recorder-wav-encoder-worker": "^8.0.71",
        "tslib": "^2.4.1"
      }
    },
    "extendable-media-recorder-wav-encoder-broker": {
      "version": "7.0.72",
      "resolved": "https://registry.npmjs.org/extendable-media-recorder-wav-encoder-broker/-/extendable-media-recorder-wav-encoder-broker-7.0.72.tgz",
      "integrity": "sha512-KKIsmLVZzfAMVANbsBMZ19l1DLiEjU7ikcXG/vZ+S2MLDMT9Tg+kTe4KORpdkmhk2/2Uwh8EwDmoNnKt1Sgu7A==",
      "requires": {
        "@babel/runtime": "^7.20.1",
        "broker-factory": "^3.0.70",
        "extendable-media-recorder-wav-encoder-worker": "^8.0.71",
        "tslib": "^2.4.1"
      }
    },
    "extendable-media-recorder-wav-encoder-worker": {
      "version": "8.0.71",
      "resolved": "https://registry.npmjs.org/extendable-media-recorder-wav-encoder-worker/-/extendable-media-recorder-wav-encoder-worker-8.0.71.tgz",
      "integrity": "sha512-fmmgjDh5OXN8Sa9FxxuUXBqeSZ30PJ7J+SztGU3gnF0Bja/EBQV2njYDftCmxX2A90HohXZfZJNYbkgpBontTw==",
      "requires": {
        "@babel/runtime": "^7.20.1",
        "tslib": "^2.4.1",
        "worker-factory": "^6.0.71"
      }
    },
    "fast-unique-numbers": {
      "version": "6.0.23",
      "resolved": "https://registry.npmjs.org/fast-unique-numbers/-/fast-unique-numbers-6.0.23.tgz",
      "integrity": "sha512-ySj1/RjqKAhMIpSlqyibm3SyPr4MLzAH8vAkoL436nKXHGxeYhILL5LHqqPE70RZ5Z5FzJBHiuUMeyYVLqAZRw==",
      "requires": {
        "@babel/runtime": "^7.20.1",
        "tslib": "^2.4.1"
      }
    },
    "glightbox": {
      "version": "3.2.0",
      "resolved": "https://registry.npmjs.org/glightbox/-/glightbox-3.2.0.tgz",
      "integrity": "sha512-iit1xYixqL4YVL+I2YJLfMeyJwvLi6FE6kY3qNKeZHEJgRIz80QU8Rm7YCyw1wOTgXvmNDnXGVhHOHRCwnDltQ=="
    },
    "global": {
      "version": "4.4.0",
      "resolved": "https://registry.npmjs.org/global/-/global-4.4.0.tgz",
      "integrity": "sha512-wv/LAoHdRE3BeTGz53FAamhGlPLhlssK45usmGFThIi4XqnBmjKQ16u+RNbP7WvigRZDxUsM0J3gcQ5yicaL0w==",
      "requires": {
        "min-document": "^2.19.0",
        "process": "^0.11.10"
      }
    },
    "indefinite-article": {
      "version": "0.0.2",
      "resolved": "https://registry.npmjs.org/indefinite-article/-/indefinite-article-0.0.2.tgz",
      "integrity": "sha512-Au/2XzRkvxq2J6w5uvSSbBKPZ5kzINx5F2wb0SF8xpRL8BP9Lav81TnRbfPp6p+SYjYxwaaLn4EUwI3/MmYKSw=="
    },
    "individual": {
      "version": "2.0.0",
      "resolved": "https://registry.npmjs.org/individual/-/individual-2.0.0.tgz",
      "integrity": "sha512-pWt8hBCqJsUWI/HtcfWod7+N9SgAqyPEaF7JQjwzjn5vGrpg6aQ5qeAFQ7dx//UH4J1O+7xqew+gCeeFt6xN/g=="
    },
    "is-function": {
      "version": "1.0.2",
      "resolved": "https://registry.npmjs.org/is-function/-/is-function-1.0.2.tgz",
      "integrity": "sha512-lw7DUp0aWXYg+CBCN+JKkcE0Q2RayZnSvnZBlwgxHBQhqt5pZNVy4Ri7H9GmmXkdu7LUthszM+Tor1u/2iBcpQ=="
    },
    "js-tokens": {
      "version": "4.0.0",
      "resolved": "https://registry.npmjs.org/js-tokens/-/js-tokens-4.0.0.tgz",
      "integrity": "sha512-RdJUflcE3cUzKiMqQgsCu06FPu9UdIJO0beYbPhHN4k6apgJtifcoCtT9bcxOpYBtpD2kCM6Sbzg4CausW/PKQ==",
      "peer": true
    },
    "keycode": {
      "version": "2.2.1",
      "resolved": "https://registry.npmjs.org/keycode/-/keycode-2.2.1.tgz",
      "integrity": "sha512-Rdgz9Hl9Iv4QKi8b0OlCRQEzp4AgVxyCtz5S/+VIHezDmrDhkp2N2TqBWOLz0/gbeREXOOiI9/4b8BY9uw2vFg=="
    },
    "loose-envify": {
      "version": "1.4.0",
      "resolved": "https://registry.npmjs.org/loose-envify/-/loose-envify-1.4.0.tgz",
      "integrity": "sha512-lyuxPGr/Wfhrlem2CL/UcnUc1zcqKAImBDzukY7Y5F/yQiNdko6+fRLevlw1HgMySw7f611UIY408EtxRSoK3Q==",
      "peer": true,
      "requires": {
        "js-tokens": "^3.0.0 || ^4.0.0"
      }
    },
    "m3u8-parser": {
      "version": "4.7.1",
      "resolved": "https://registry.npmjs.org/m3u8-parser/-/m3u8-parser-4.7.1.tgz",
      "integrity": "sha512-pbrQwiMiq+MmI9bl7UjtPT3AK603PV9bogNlr83uC+X9IoxqL5E4k7kU7fMQ0dpRgxgeSMygqUa0IMLQNXLBNA==",
      "requires": {
        "@babel/runtime": "^7.12.5",
        "@videojs/vhs-utils": "^3.0.5",
        "global": "^4.4.0"
      }
    },
    "media-encoder-host": {
      "version": "8.0.80",
      "resolved": "https://registry.npmjs.org/media-encoder-host/-/media-encoder-host-8.0.80.tgz",
      "integrity": "sha512-5LL3QVWkshGkF0rc/CENLPnIkw2gnAsYYejLlETyhD3GacqgE6MC3P3e/wBmcI+jLBRzYjiRV1b8IcPlrSrlCQ==",
      "requires": {
        "@babel/runtime": "^7.20.1",
        "media-encoder-host-broker": "^7.0.72",
        "media-encoder-host-worker": "^9.0.72",
        "tslib": "^2.4.1"
      }
    },
    "media-encoder-host-broker": {
      "version": "7.0.72",
      "resolved": "https://registry.npmjs.org/media-encoder-host-broker/-/media-encoder-host-broker-7.0.72.tgz",
      "integrity": "sha512-MgH9hROWFVOP19EzmggoeRgk9fXfaB1WhVBcbEpZrpWk0DfqX7IEcav6HjkSHalG049tERlSKTFHgyMAT8unSg==",
      "requires": {
        "@babel/runtime": "^7.20.1",
        "broker-factory": "^3.0.70",
        "fast-unique-numbers": "^6.0.23",
        "media-encoder-host-worker": "^9.0.72",
        "tslib": "^2.4.1"
      }
    },
    "media-encoder-host-worker": {
      "version": "9.0.72",
      "resolved": "https://registry.npmjs.org/media-encoder-host-worker/-/media-encoder-host-worker-9.0.72.tgz",
      "integrity": "sha512-b1JYXre3f1uKUqSpPidbODQ9RUw0HLb2VivY9vmKMMlDvKcNA3VAI0BWfIC/RdzLRtVUVZLtO6Cr4GA423LnEg==",
      "requires": {
        "@babel/runtime": "^7.20.1",
        "extendable-media-recorder-wav-encoder-broker": "^7.0.72",
        "tslib": "^2.4.1",
        "worker-factory": "^6.0.71"
      }
    },
    "min-document": {
      "version": "2.19.0",
      "resolved": "https://registry.npmjs.org/min-document/-/min-document-2.19.0.tgz",
      "integrity": "sha512-9Wy1B3m3f66bPPmU5hdA4DR4PB2OfDU/+GS3yAB7IQozE3tqXaVv2zOjgla7MEGSRv95+ILmOuvhLkOK6wJtCQ==",
      "requires": {
        "dom-walk": "^0.1.0"
      }
    },
    "mpd-parser": {
      "version": "0.21.1",
      "resolved": "https://registry.npmjs.org/mpd-parser/-/mpd-parser-0.21.1.tgz",
      "integrity": "sha512-BxlSXWbKE1n7eyEPBnTEkrzhS3PdmkkKdM1pgKbPnPOH0WFZIc0sPOWi7m0Uo3Wd2a4Or8Qf4ZbS7+ASqQ49fw==",
      "requires": {
        "@babel/runtime": "^7.12.5",
        "@videojs/vhs-utils": "^3.0.5",
        "@xmldom/xmldom": "^0.7.2",
        "global": "^4.4.0"
      }
    },
    "multi-buffer-data-view": {
      "version": "3.0.23",
      "resolved": "https://registry.npmjs.org/multi-buffer-data-view/-/multi-buffer-data-view-3.0.23.tgz",
      "integrity": "sha512-eQyqMAUYDMt8gD7qhhiGAOCShwx7diIQxkI5gu9iNYPeQp6tp4E9kcrg5bIVS02krSsn8TooQjiHQdmjWYpCPQ==",
      "requires": {
        "@babel/runtime": "^7.20.1",
        "tslib": "^2.4.1"
      }
    },
    "mux.js": {
      "version": "6.0.1",
      "resolved": "https://registry.npmjs.org/mux.js/-/mux.js-6.0.1.tgz",
      "integrity": "sha512-22CHb59rH8pWGcPGW5Og7JngJ9s+z4XuSlYvnxhLuc58cA1WqGDQPzuG8I+sPm1/p0CdgpzVTaKW408k5DNn8w==",
      "requires": {
        "@babel/runtime": "^7.11.2",
        "global": "^4.4.0"
      }
    },
    "pkcs7": {
      "version": "1.0.4",
      "resolved": "https://registry.npmjs.org/pkcs7/-/pkcs7-1.0.4.tgz",
      "integrity": "sha512-afRERtHn54AlwaF2/+LFszyAANTCggGilmcmILUzEjvs3XgFZT+xE6+QWQcAGmu4xajy+Xtj7acLOPdx5/eXWQ==",
      "requires": {
        "@babel/runtime": "^7.5.5"
      }
    },
    "process": {
      "version": "0.11.10",
      "resolved": "https://registry.npmjs.org/process/-/process-0.11.10.tgz",
      "integrity": "sha512-cdGef/drWFoydD1JsMzuFf8100nZl+GT+yacc2bEced5f9Rjk4z+WtFUTBu9PhOi9j/jfmBPu0mMEY4wIdAF8A=="
    },
    "react": {
      "version": "18.2.0",
      "resolved": "https://registry.npmjs.org/react/-/react-18.2.0.tgz",
      "integrity": "sha512-/3IjMdb2L9QbBdWiW5e3P2/npwMBaU9mHCSCUzNln0ZCYbcfTsGbTJrU/kGemdH2IWmB2ioZ+zkxtmq6g09fGQ==",
      "peer": true,
      "requires": {
        "loose-envify": "^1.1.0"
      }
    },
    "react-dom": {
      "version": "18.2.0",
      "resolved": "https://registry.npmjs.org/react-dom/-/react-dom-18.2.0.tgz",
      "integrity": "sha512-6IMTriUmvsjHUjNtEDudZfuDQUoWXVxKHhlEGSk81n4YFS+r/Kl99wXiwlVXtPBtJenozv2P+hxDsw9eA7Xo6g==",
      "peer": true,
      "requires": {
        "loose-envify": "^1.1.0",
        "scheduler": "^0.23.0"
      }
    },
    "react-media-recorder": {
      "version": "1.6.6",
      "resolved": "https://registry.npmjs.org/react-media-recorder/-/react-media-recorder-1.6.6.tgz",
      "integrity": "sha512-VdC4bUINMWJyqOAHw1DaZ8HZhdCyVBK85zJ4cHMo9tsrekui3wq5ZxNtBmNe6nbAFQBTNj/pRnLEsiVrCW+TNQ==",
      "requires": {
        "extendable-media-recorder": "^6.6.5",
        "extendable-media-recorder-wav-encoder": "^7.0.68"
      }
    },
    "react-webcam": {
      "version": "7.0.1",
      "resolved": "https://registry.npmjs.org/react-webcam/-/react-webcam-7.0.1.tgz",
      "integrity": "sha512-8E/Eb/7ksKwn5QdLn67tOR7+TdP9BZdu6E5/DSt20v8yfW/s0VGBigE6VA7R4278mBuBUowovAB3DkCfVmSPvA==",
      "requires": {}
    },
    "recorder-audio-worklet": {
      "version": "5.1.32",
      "resolved": "https://registry.npmjs.org/recorder-audio-worklet/-/recorder-audio-worklet-5.1.32.tgz",
      "integrity": "sha512-m5SyZrI5zhCnlXpBICMz7A70k/UrDe1CvHSXPtXpGt4Oun+1T5KxVjwwfAT09Nk0wB7NNhTyZdZ+FwW44jG35w==",
      "requires": {
        "@babel/runtime": "^7.20.1",
        "broker-factory": "^3.0.70",
        "fast-unique-numbers": "^6.0.23",
        "recorder-audio-worklet-processor": "^4.2.17",
        "standardized-audio-context": "^25.3.34",
        "subscribable-things": "^2.1.9",
        "tslib": "^2.4.1",
        "worker-factory": "^6.0.71"
      }
    },
    "recorder-audio-worklet-processor": {
      "version": "4.2.17",
      "resolved": "https://registry.npmjs.org/recorder-audio-worklet-processor/-/recorder-audio-worklet-processor-4.2.17.tgz",
      "integrity": "sha512-d5KesW++ZxE8bY0kFQBRdS+8t1OxhE/klLStylEtRYS2HldHVdMFSIZmE+8g8GXlhkeNXOH8nrROzCcAtQuqhw==",
      "requires": {
        "@babel/runtime": "^7.20.1",
        "tslib": "^2.4.1"
      }
    },
    "recordrtc": {
      "version": "5.6.2",
      "resolved": "https://registry.npmjs.org/recordrtc/-/recordrtc-5.6.2.tgz",
      "integrity": "sha512-1QNKKNtl7+KcwD1lyOgP3ZlbiJ1d0HtXnypUy7yq49xEERxk31PHvE9RCciDrulPCY7WJ+oz0R9hpNxgsIurGQ=="
    },
    "regenerator-runtime": {
      "version": "0.13.10",
      "resolved": "https://registry.npmjs.org/regenerator-runtime/-/regenerator-runtime-0.13.10.tgz",
      "integrity": "sha512-KepLsg4dU12hryUO7bp/axHAKvwGOCV0sGloQtpagJ12ai+ojVDqkeGSiRX1zlq+kjIMZ1t7gpze+26QqtdGqw=="
    },
    "rust-result": {
      "version": "1.0.0",
      "resolved": "https://registry.npmjs.org/rust-result/-/rust-result-1.0.0.tgz",
      "integrity": "sha512-6cJzSBU+J/RJCF063onnQf0cDUOHs9uZI1oroSGnHOph+CQTIJ5Pp2hK5kEQq1+7yE/EEWfulSNXAQ2jikPthA==",
      "requires": {
        "individual": "^2.0.0"
      }
    },
    "rxjs-interop": {
      "version": "2.0.0",
      "resolved": "https://registry.npmjs.org/rxjs-interop/-/rxjs-interop-2.0.0.tgz",
      "integrity": "sha512-ASEq9atUw7lualXB+knvgtvwkCEvGWV2gDD/8qnASzBkzEARZck9JAyxmY8OS6Nc1pCPEgDTKNcx+YqqYfzArw=="
    },
    "safe-json-parse": {
      "version": "4.0.0",
      "resolved": "https://registry.npmjs.org/safe-json-parse/-/safe-json-parse-4.0.0.tgz",
      "integrity": "sha512-RjZPPHugjK0TOzFrLZ8inw44s9bKox99/0AZW9o/BEQVrJfhI+fIHMErnPyRa89/yRXUUr93q+tiN6zhoVV4wQ==",
      "requires": {
        "rust-result": "^1.0.0"
      }
    },
    "scheduler": {
      "version": "0.23.0",
      "resolved": "https://registry.npmjs.org/scheduler/-/scheduler-0.23.0.tgz",
      "integrity": "sha512-CtuThmgHNg7zIZWAXi3AsyIzA3n4xx7aNyjwC2VJldO2LMVDhFK+63xGqq6CsJH4rTAt6/M+N4GhZiDYPx9eUw==",
      "peer": true,
      "requires": {
        "loose-envify": "^1.1.0"
      }
    },
    "sdp": {
      "version": "3.0.3",
      "resolved": "https://registry.npmjs.org/sdp/-/sdp-3.0.3.tgz",
      "integrity": "sha512-8EkfckS+XZQaPLyChu4ey7PghrdcraCVNpJe2Gfdi2ON1ylQ7OasuKX+b37R9slnRChwIAiQgt+oj8xXGD8x+A=="
    },
    "standardized-audio-context": {
      "version": "25.3.34",
      "resolved": "https://registry.npmjs.org/standardized-audio-context/-/standardized-audio-context-25.3.34.tgz",
      "integrity": "sha512-SL8FQYqpfOifYGhAVfnAgC9o86mFNhy+W3xp28lHI6HgOQMbLTMcBoSN3FT0SwE51br7I9tmgjwiLggg7WWD/Q==",
      "requires": {
        "@babel/runtime": "^7.20.1",
        "automation-events": "^4.0.23",
        "tslib": "^2.4.1"
      }
    },
    "subscribable-things": {
      "version": "2.1.9",
      "resolved": "https://registry.npmjs.org/subscribable-things/-/subscribable-things-2.1.9.tgz",
      "integrity": "sha512-CPtbudltbWbnjIBQxA3qQxraJ46kf5ZXQwnA7mkUiB7P4tZDPJ33HAdPb1vos/C1r87nq9nTNrwLokeMCUd0UQ==",
      "requires": {
        "@babel/runtime": "^7.20.1",
        "rxjs-interop": "^2.0.0",
        "tslib": "^2.4.1"
      }
    },
    "tslib": {
      "version": "2.4.1",
      "resolved": "https://registry.npmjs.org/tslib/-/tslib-2.4.1.tgz",
      "integrity": "sha512-tGyy4dAjRIEwI7BzsB0lynWgOpfqjUdq91XXAlIWD2OwKBH7oCl/GZG/HT4BOHrTlPMOASlMQ7veyTqpmRcrNA=="
    },
    "url-toolkit": {
      "version": "2.2.5",
      "resolved": "https://registry.npmjs.org/url-toolkit/-/url-toolkit-2.2.5.tgz",
      "integrity": "sha512-mtN6xk+Nac+oyJ/PrI7tzfmomRVNFIWKUbG8jdYFt52hxbiReFAXIjYskvu64/dvuW71IcB7lV8l0HvZMac6Jg=="
    },
    "video.js": {
      "version": "7.20.3",
      "resolved": "https://registry.npmjs.org/video.js/-/video.js-7.20.3.tgz",
      "integrity": "sha512-JMspxaK74LdfWcv69XWhX4rILywz/eInOVPdKefpQiZJSMD5O8xXYueqACP2Q5yqKstycgmmEKlJzZ+kVmDciw==",
      "requires": {
        "@babel/runtime": "^7.12.5",
        "@videojs/http-streaming": "2.14.3",
        "@videojs/vhs-utils": "^3.0.4",
        "@videojs/xhr": "2.6.0",
        "aes-decrypter": "3.1.3",
        "global": "^4.4.0",
        "keycode": "^2.2.0",
        "m3u8-parser": "4.7.1",
        "mpd-parser": "0.21.1",
        "mux.js": "6.0.1",
        "safe-json-parse": "4.0.0",
        "videojs-font": "3.2.0",
        "videojs-vtt.js": "^0.15.4"
      }
    },
    "videojs-font": {
      "version": "3.2.0",
      "resolved": "https://registry.npmjs.org/videojs-font/-/videojs-font-3.2.0.tgz",
      "integrity": "sha512-g8vHMKK2/JGorSfqAZQUmYYNnXmfec4MLhwtEFS+mMs2IDY398GLysy6BH6K+aS1KMNu/xWZ8Sue/X/mdQPliA=="
    },
    "videojs-record": {
      "version": "4.5.0",
      "resolved": "https://registry.npmjs.org/videojs-record/-/videojs-record-4.5.0.tgz",
      "integrity": "sha512-p/L6UaEZxCXVqzvH0TYCyUujHbymhqrEiF63KIjOatBxOhG7OVu4RiKEbkOlniBKr2sLoVOmC3vBuk+YBD3CXw==",
      "requires": {
        "recordrtc": ">=5.6.2",
        "video.js": ">=7.0.5",
        "videojs-wavesurfer": ">=3.7.0",
        "webrtc-adapter": ">=8.0.0"
      }
    },
    "videojs-vtt.js": {
      "version": "0.15.4",
      "resolved": "https://registry.npmjs.org/videojs-vtt.js/-/videojs-vtt.js-0.15.4.tgz",
      "integrity": "sha512-r6IhM325fcLb1D6pgsMkTQT1PpFdUdYZa1iqk7wJEu+QlibBwATPfPc9Bg8Jiym0GE5yP1AG2rMLu+QMVWkYtA==",
      "requires": {
        "global": "^4.3.1"
      }
    },
    "videojs-wavesurfer": {
      "version": "3.9.0",
      "resolved": "https://registry.npmjs.org/videojs-wavesurfer/-/videojs-wavesurfer-3.9.0.tgz",
      "integrity": "sha512-gAQUFLlAmNXW8hCQwlJRsMl98Q4LyPzd318yDmuzzWLlupBpV3b4riAguYIHLC0d3svt1pgX8Vz8cX91OaPgWQ==",
      "requires": {
        "video.js": ">=7.0.5",
        "wavesurfer.js": ">=6.3.0"
      }
    },
    "wavesurfer.js": {
      "version": "6.4.0",
      "resolved": "https://registry.npmjs.org/wavesurfer.js/-/wavesurfer.js-6.4.0.tgz",
      "integrity": "sha512-+i9GkYdMTm998goOWvycWqCgxfbolnuGTPgrdGss7ZbQDuu+n6AHdnJwYnqxW8RZo5A2ck6ztzXbrXGuCi0m5g=="
    },
    "webrtc-adapter": {
      "version": "8.2.0",
      "resolved": "https://registry.npmjs.org/webrtc-adapter/-/webrtc-adapter-8.2.0.tgz",
      "integrity": "sha512-umxCMgedPAVq4Pe/jl3xmelLXLn4XZWFEMR5Iipb5wJ+k1xMX0yC4ZY9CueZUU1MjapFxai1tFGE7R/kotH6Ww==",
      "requires": {
        "sdp": "^3.0.2"
      }
    },
    "worker-factory": {
      "version": "6.0.71",
      "resolved": "https://registry.npmjs.org/worker-factory/-/worker-factory-6.0.71.tgz",
      "integrity": "sha512-VHqMxlmbzoZoc8s9GV3YRUjcLvFZvvAgKjDOmc1t+vo5iC+BjHniFjavr3EI4e2TvQ8yY8+q3f9XEAfMhpo1Cg==",
      "requires": {
        "@babel/runtime": "^7.20.1",
        "compilerr": "^9.0.23",
        "fast-unique-numbers": "^6.0.23",
        "tslib": "^2.4.1"
      }
    }
  }
}
